
Microsoft Visual Studio Solution File, Format Version 12.00
# Visual Studio Version 17
VisualStudioVersion = 17.13.35931.197 d17.13
MinimumVisualStudioVersion = 10.0.40219.1
Project("{FAE04EC0-301F-11D3-BF4B-00C04F79EFBC}") = "testesSvg", "testesSvg\testesSvg.csproj", "{53F0EC5B-EFC0-4FD1-A841-68EB091E7134}"
EndProject
Global
	GlobalSection(SolutionConfigurationPlatforms) = preSolution
		Debug|Any CPU = Debug|Any CPU
		Release|Any CPU = Release|Any CPU
	EndGlobalSection
	GlobalSection(ProjectConfigurationPlatforms) = postSolution
		{53F0EC5B-EFC0-4FD1-A841-68EB091E7134}.Debug|Any CPU.ActiveCfg = Debug|Any CPU
		{53F0EC5B-EFC0-4FD1-A841-68EB091E7134}.Debug|Any CPU.Build.0 = Debug|Any CPU
		{53F0EC5B-EFC0-4FD1-A841-68EB091E7134}.Release|Any CPU.ActiveCfg = Release|Any CPU
		{53F0EC5B-EFC0-4FD1-A841-68EB091E7134}.Release|Any CPU.Build.0 = Release|Any CPU
	EndGlobalSection
	GlobalSection(SolutionProperties) = preSolution
		HideSolutionNode = FALSE
	EndGlobalSection
	GlobalSection(ExtensibilityGlobals) = postSolution
		SolutionGuid = {E0A307D4-2888-4260-AD6D-86AF6BB6E33A}
	EndGlobalSection
EndGlobal
